// !$*UTF8*$!
{
	archiveVersion = 1;
	classes = {
	};
	objectVersion = 50;
	objects = {

/* Begin PBXBuildFile section */
		03497D6424133ECC0011A8E0 /* Main.storyboard in Resources */ = {isa = PBXBuildFile; fileRef = 03696E26240A4C7100239EB4 /* Main.storyboard */; };
		03497D6524133ECD0011A8E0 /* Main.storyboard in Resources */ = {isa = PBXBuildFile; fileRef = 03696E26240A4C7100239EB4 /* Main.storyboard */; };
		03497D6E24135EF00011A8E0 /* LaunchScreen.storyboard in Resources */ = {isa = PBXBuildFile; fileRef = 03696E2B240A4C7200239EB4 /* LaunchScreen.storyboard */; };
		03497D78241366750011A8E0 /* task200202_02Tests.swift in Sources */ = {isa = PBXBuildFile; fileRef = 03696E37240A4C7200239EB4 /* task200202_02Tests.swift */; };
		03497D7A2413BD580011A8E0 /* AccessTokens.swift in Sources */ = {isa = PBXBuildFile; fileRef = 03497D792413BD580011A8E0 /* AccessTokens.swift */; };
		03696E21240A4C7100239EB4 /* AppDelegate.swift in Sources */ = {isa = PBXBuildFile; fileRef = 03696E20240A4C7100239EB4 /* AppDelegate.swift */; };
		03696E23240A4C7100239EB4 /* SceneDelegate.swift in Sources */ = {isa = PBXBuildFile; fileRef = 03696E22240A4C7100239EB4 /* SceneDelegate.swift */; };
		03696E25240A4C7100239EB4 /* ViewController.swift in Sources */ = {isa = PBXBuildFile; fileRef = 03696E24240A4C7100239EB4 /* ViewController.swift */; };
		03696E28240A4C7100239EB4 /* Main.storyboard in Resources */ = {isa = PBXBuildFile; fileRef = 03696E26240A4C7100239EB4 /* Main.storyboard */; };
		03696E2A240A4C7200239EB4 /* Assets.xcassets in Resources */ = {isa = PBXBuildFile; fileRef = 03696E29240A4C7200239EB4 /* Assets.xcassets */; };
		03696E2D240A4C7200239EB4 /* LaunchScreen.storyboard in Resources */ = {isa = PBXBuildFile; fileRef = 03696E2B240A4C7200239EB4 /* LaunchScreen.storyboard */; };
		03696E43240A4C7200239EB4 /* task200202_02UITests.swift in Sources */ = {isa = PBXBuildFile; fileRef = 03696E42240A4C7200239EB4 /* task200202_02UITests.swift */; };
		03696E51240A636900239EB4 /* HiraganaApi.swift in Sources */ = {isa = PBXBuildFile; fileRef = 03696E50240A636900239EB4 /* HiraganaApi.swift */; };
		0380A405240DECA6003907E1 /* CopyUILabel.swift in Sources */ = {isa = PBXBuildFile; fileRef = 0380A404240DECA6003907E1 /* CopyUILabel.swift */; };
/* End PBXBuildFile section */

/* Begin PBXContainerItemProxy section */
		03696E34240A4C7200239EB4 /* PBXContainerItemProxy */ = {
			isa = PBXContainerItemProxy;
			containerPortal = 03696E15240A4C7000239EB4 /* Project object */;
			proxyType = 1;
			remoteGlobalIDString = 03696E1C240A4C7100239EB4;
			remoteInfo = "task200202-02";
		};
		03696E3F240A4C7200239EB4 /* PBXContainerItemProxy */ = {
			isa = PBXContainerItemProxy;
			containerPortal = 03696E15240A4C7000239EB4 /* Project object */;
			proxyType = 1;
			remoteGlobalIDString = 03696E1C240A4C7100239EB4;
			remoteInfo = "task200202-02";
		};
/* End PBXContainerItemProxy section */

/* Begin PBXFileReference section */
		03497D792413BD580011A8E0 /* AccessTokens.swift */ = {isa = PBXFileReference; lastKnownFileType = sourcecode.swift; path = AccessTokens.swift; sourceTree = "<group>"; };
		034C45C024108D610042264F /* TASK.md */ = {isa = PBXFileReference; lastKnownFileType = net.daringfireball.markdown; path = TASK.md; sourceTree = "<group>"; };
		03696E1D240A4C7100239EB4 /* task200202-02.app */ = {isa = PBXFileReference; explicitFileType = wrapper.application; includeInIndex = 0; path = "task200202-02.app"; sourceTree = BUILT_PRODUCTS_DIR; };
		03696E20240A4C7100239EB4 /* AppDelegate.swift */ = {isa = PBXFileReference; lastKnownFileType = sourcecode.swift; path = AppDelegate.swift; sourceTree = "<group>"; };
		03696E22240A4C7100239EB4 /* SceneDelegate.swift */ = {isa = PBXFileReference; lastKnownFileType = sourcecode.swift; path = SceneDelegate.swift; sourceTree = "<group>"; };
		03696E24240A4C7100239EB4 /* ViewController.swift */ = {isa = PBXFileReference; lastKnownFileType = sourcecode.swift; path = ViewController.swift; sourceTree = "<group>"; };
		03696E27240A4C7100239EB4 /* Base */ = {isa = PBXFileReference; lastKnownFileType = file.storyboard; name = Base; path = Base.lproj/Main.storyboard; sourceTree = "<group>"; };
		03696E29240A4C7200239EB4 /* Assets.xcassets */ = {isa = PBXFileReference; lastKnownFileType = folder.assetcatalog; path = Assets.xcassets; sourceTree = "<group>"; };
		03696E2C240A4C7200239EB4 /* Base */ = {isa = PBXFileReference; lastKnownFileType = file.storyboard; name = Base; path = Base.lproj/LaunchScreen.storyboard; sourceTree = "<group>"; };
		03696E2E240A4C7200239EB4 /* Info.plist */ = {isa = PBXFileReference; lastKnownFileType = text.plist.xml; path = Info.plist; sourceTree = "<group>"; };
		03696E33240A4C7200239EB4 /* task200202-02Tests.xctest */ = {isa = PBXFileReference; explicitFileType = wrapper.cfbundle; includeInIndex = 0; path = "task200202-02Tests.xctest"; sourceTree = BUILT_PRODUCTS_DIR; };
		03696E37240A4C7200239EB4 /* task200202_02Tests.swift */ = {isa = PBXFileReference; lastKnownFileType = sourcecode.swift; path = task200202_02Tests.swift; sourceTree = "<group>"; };
		03696E39240A4C7200239EB4 /* Info.plist */ = {isa = PBXFileReference; lastKnownFileType = text.plist.xml; path = Info.plist; sourceTree = "<group>"; };
		03696E3E240A4C7200239EB4 /* task200202-02UITests.xctest */ = {isa = PBXFileReference; explicitFileType = wrapper.cfbundle; includeInIndex = 0; path = "task200202-02UITests.xctest"; sourceTree = BUILT_PRODUCTS_DIR; };
		03696E42240A4C7200239EB4 /* task200202_02UITests.swift */ = {isa = PBXFileReference; lastKnownFileType = sourcecode.swift; path = task200202_02UITests.swift; sourceTree = "<group>"; };
		03696E44240A4C7200239EB4 /* Info.plist */ = {isa = PBXFileReference; lastKnownFileType = text.plist.xml; path = Info.plist; sourceTree = "<group>"; };
		03696E50240A636900239EB4 /* HiraganaApi.swift */ = {isa = PBXFileReference; lastKnownFileType = sourcecode.swift; path = HiraganaApi.swift; sourceTree = "<group>"; };
		0380A404240DECA6003907E1 /* CopyUILabel.swift */ = {isa = PBXFileReference; lastKnownFileType = sourcecode.swift; path = CopyUILabel.swift; sourceTree = "<group>"; };
		0399CA9D240B584A00621123 /* README.md */ = {isa = PBXFileReference; lastKnownFileType = net.daringfireball.markdown; path = README.md; sourceTree = "<group>"; };
/* End PBXFileReference section */

/* Begin PBXFrameworksBuildPhase section */
		03696E1A240A4C7100239EB4 /* Frameworks */ = {
			isa = PBXFrameworksBuildPhase;
			buildActionMask = 2147483647;
			files = (
			);
			runOnlyForDeploymentPostprocessing = 0;
		};
		03696E30240A4C7200239EB4 /* Frameworks */ = {
			isa = PBXFrameworksBuildPhase;
			buildActionMask = 2147483647;
			files = (
			);
			runOnlyForDeploymentPostprocessing = 0;
		};
		03696E3B240A4C7200239EB4 /* Frameworks */ = {
			isa = PBXFrameworksBuildPhase;
			buildActionMask = 2147483647;
			files = (
			);
			runOnlyForDeploymentPostprocessing = 0;
		};
/* End PBXFrameworksBuildPhase section */

/* Begin PBXGroup section */
		03696E14240A4C7000239EB4 = {
			isa = PBXGroup;
			children = (
				0399CA9D240B584A00621123 /* README.md */,
				034C45C024108D610042264F /* TASK.md */,
				03696E1F240A4C7100239EB4 /* task200202-02 */,
				03696E36240A4C7200239EB4 /* task200202-02Tests */,
				03696E41240A4C7200239EB4 /* task200202-02UITests */,
				03696E1E240A4C7100239EB4 /* Products */,
			);
			sourceTree = "<group>";
		};
		03696E1E240A4C7100239EB4 /* Products */ = {
			isa = PBXGroup;
			children = (
				03696E1D240A4C7100239EB4 /* task200202-02.app */,
				03696E33240A4C7200239EB4 /* task200202-02Tests.xctest */,
				03696E3E240A4C7200239EB4 /* task200202-02UITests.xctest */,
			);
			name = Products;
			sourceTree = "<group>";
		};
		03696E1F240A4C7100239EB4 /* task200202-02 */ = {
			isa = PBXGroup;
			children = (
				03696E20240A4C7100239EB4 /* AppDelegate.swift */,
				03497D792413BD580011A8E0 /* AccessTokens.swift */,
				03696E50240A636900239EB4 /* HiraganaApi.swift */,
				03696E22240A4C7100239EB4 /* SceneDelegate.swift */,
				0380A404240DECA6003907E1 /* CopyUILabel.swift */,
				03696E24240A4C7100239EB4 /* ViewController.swift */,
				03696E26240A4C7100239EB4 /* Main.storyboard */,
				03696E29240A4C7200239EB4 /* Assets.xcassets */,
				03696E2B240A4C7200239EB4 /* LaunchScreen.storyboard */,
				03696E2E240A4C7200239EB4 /* Info.plist */,
			);
			path = "task200202-02";
			sourceTree = "<group>";
		};
		03696E36240A4C7200239EB4 /* task200202-02Tests */ = {
			isa = PBXGroup;
			children = (
				03696E37240A4C7200239EB4 /* task200202_02Tests.swift */,
				03696E39240A4C7200239EB4 /* Info.plist */,
			);
			path = "task200202-02Tests";
			sourceTree = "<group>";
		};
		03696E41240A4C7200239EB4 /* task200202-02UITests */ = {
			isa = PBXGroup;
			children = (
				03696E42240A4C7200239EB4 /* task200202_02UITests.swift */,
				03696E44240A4C7200239EB4 /* Info.plist */,
			);
			path = "task200202-02UITests";
			sourceTree = "<group>";
		};
/* End PBXGroup section */

/* Begin PBXNativeTarget section */
		03696E1C240A4C7100239EB4 /* task200202-02 */ = {
			isa = PBXNativeTarget;
			buildConfigurationList = 03696E47240A4C7200239EB4 /* Build configuration list for PBXNativeTarget "task200202-02" */;
			buildPhases = (
				03696E19240A4C7100239EB4 /* Sources */,
				03696E1A240A4C7100239EB4 /* Frameworks */,
				03696E1B240A4C7100239EB4 /* Resources */,
			);
			buildRules = (
			);
			dependencies = (
			);
			name = "task200202-02";
			productName = "task200202-02";
			productReference = 03696E1D240A4C7100239EB4 /* task200202-02.app */;
			productType = "com.apple.product-type.application";
		};
		03696E32240A4C7200239EB4 /* task200202-02Tests */ = {
			isa = PBXNativeTarget;
			buildConfigurationList = 03696E4A240A4C7200239EB4 /* Build configuration list for PBXNativeTarget "task200202-02Tests" */;
			buildPhases = (
				03696E2F240A4C7200239EB4 /* Sources */,
				03696E30240A4C7200239EB4 /* Frameworks */,
				03696E31240A4C7200239EB4 /* Resources */,
			);
			buildRules = (
			);
			dependencies = (
				03696E35240A4C7200239EB4 /* PBXTargetDependency */,
			);
			name = "task200202-02Tests";
			productName = "task200202-02Tests";
			productReference = 03696E33240A4C7200239EB4 /* task200202-02Tests.xctest */;
			productType = "com.apple.product-type.bundle.unit-test";
		};
		03696E3D240A4C7200239EB4 /* task200202-02UITests */ = {
			isa = PBXNativeTarget;
			buildConfigurationList = 03696E4D240A4C7200239EB4 /* Build configuration list for PBXNativeTarget "task200202-02UITests" */;
			buildPhases = (
				03696E3A240A4C7200239EB4 /* Sources */,
				03696E3B240A4C7200239EB4 /* Frameworks */,
				03696E3C240A4C7200239EB4 /* Resources */,
			);
			buildRules = (
			);
			dependencies = (
				03696E40240A4C7200239EB4 /* PBXTargetDependency */,
			);
			name = "task200202-02UITests";
			productName = "task200202-02UITests";
			productReference = 03696E3E240A4C7200239EB4 /* task200202-02UITests.xctest */;
			productType = "com.apple.product-type.bundle.ui-testing";
		};
/* End PBXNativeTarget section */

/* Begin PBXProject section */
		03696E15240A4C7000239EB4 /* Project object */ = {
			isa = PBXProject;
			attributes = {
				LastSwiftUpdateCheck = 1130;
				LastUpgradeCheck = 1130;
				ORGANIZATIONNAME = tokizo;
				TargetAttributes = {
					03696E1C240A4C7100239EB4 = {
						CreatedOnToolsVersion = 11.3.1;
					};
					03696E32240A4C7200239EB4 = {
						CreatedOnToolsVersion = 11.3.1;
						TestTargetID = 03696E1C240A4C7100239EB4;
					};
					03696E3D240A4C7200239EB4 = {
						CreatedOnToolsVersion = 11.3.1;
						TestTargetID = 03696E1C240A4C7100239EB4;
					};
				};
			};
			buildConfigurationList = 03696E18240A4C7000239EB4 /* Build configuration list for PBXProject "task200202-02" */;
			compatibilityVersion = "Xcode 9.3";
			developmentRegion = en;
			hasScannedForEncodings = 0;
			knownRegions = (
				en,
				Base,
			);
			mainGroup = 03696E14240A4C7000239EB4;
			productRefGroup = 03696E1E240A4C7100239EB4 /* Products */;
			projectDirPath = "";
			projectRoot = "";
			targets = (
				03696E1C240A4C7100239EB4 /* task200202-02 */,
				03696E32240A4C7200239EB4 /* task200202-02Tests */,
				03696E3D240A4C7200239EB4 /* task200202-02UITests */,
			);
		};
/* End PBXProject section */

/* Begin PBXResourcesBuildPhase section */
		03696E1B240A4C7100239EB4 /* Resources */ = {
			isa = PBXResourcesBuildPhase;
			buildActionMask = 2147483647;
			files = (
				03696E2D240A4C7200239EB4 /* LaunchScreen.storyboard in Resources */,
				03696E2A240A4C7200239EB4 /* Assets.xcassets in Resources */,
				03696E28240A4C7100239EB4 /* Main.storyboard in Resources */,
			);
			runOnlyForDeploymentPostprocessing = 0;
		};
		03696E31240A4C7200239EB4 /* Resources */ = {
			isa = PBXResourcesBuildPhase;
			buildActionMask = 2147483647;
			files = (
				03497D6424133ECC0011A8E0 /* Main.storyboard in Resources */,
				03497D6E24135EF00011A8E0 /* LaunchScreen.storyboard in Resources */,
			);
			runOnlyForDeploymentPostprocessing = 0;
		};
		03696E3C240A4C7200239EB4 /* Resources */ = {
			isa = PBXResourcesBuildPhase;
			buildActionMask = 2147483647;
			files = (
				03497D6524133ECD0011A8E0 /* Main.storyboard in Resources */,
			);
			runOnlyForDeploymentPostprocessing = 0;
		};
/* End PBXResourcesBuildPhase section */

/* Begin PBXSourcesBuildPhase section */
		03696E19240A4C7100239EB4 /* Sources */ = {
			isa = PBXSourcesBuildPhase;
			buildActionMask = 2147483647;
			files = (
				0380A405240DECA6003907E1 /* CopyUILabel.swift in Sources */,
				03497D7A2413BD580011A8E0 /* AccessTokens.swift in Sources */,
				03696E25240A4C7100239EB4 /* ViewController.swift in Sources */,
				03696E51240A636900239EB4 /* HiraganaApi.swift in Sources */,
				03696E21240A4C7100239EB4 /* AppDelegate.swift in Sources */,
				03696E23240A4C7100239EB4 /* SceneDelegate.swift in Sources */,
			);
			runOnlyForDeploymentPostprocessing = 0;
		};
		03696E2F240A4C7200239EB4 /* Sources */ = {
			isa = PBXSourcesBuildPhase;
			buildActionMask = 2147483647;
			files = (
				03497D78241366750011A8E0 /* task200202_02Tests.swift in Sources */,
			);
			runOnlyForDeploymentPostprocessing = 0;
		};
		03696E3A240A4C7200239EB4 /* Sources */ = {
			isa = PBXSourcesBuildPhase;
			buildActionMask = 2147483647;
			files = (
				03696E43240A4C7200239EB4 /* task200202_02UITests.swift in Sources */,
			);
			runOnlyForDeploymentPostprocessing = 0;
		};
/* End PBXSourcesBuildPhase section */

/* Begin PBXTargetDependency section */
		03696E35240A4C7200239EB4 /* PBXTargetDependency */ = {
			isa = PBXTargetDependency;
			target = 03696E1C240A4C7100239EB4 /* task200202-02 */;
			targetProxy = 03696E34240A4C7200239EB4 /* PBXContainerItemProxy */;
		};
		03696E40240A4C7200239EB4 /* PBXTargetDependency */ = {
			isa = PBXTargetDependency;
			target = 03696E1C240A4C7100239EB4 /* task200202-02 */;
			targetProxy = 03696E3F240A4C7200239EB4 /* PBXContainerItemProxy */;
		};
/* End PBXTargetDependency section */

/* Begin PBXVariantGroup section */
		03696E26240A4C7100239EB4 /* Main.storyboard */ = {
			isa = PBXVariantGroup;
			children = (
				03696E27240A4C7100239EB4 /* Base */,
			);
			name = Main.storyboard;
			sourceTree = "<group>";
		};
		03696E2B240A4C7200239EB4 /* LaunchScreen.storyboard */ = {
			isa = PBXVariantGroup;
			children = (
				03696E2C240A4C7200239EB4 /* Base */,
			);
			name = LaunchScreen.storyboard;
			sourceTree = "<group>";
		};
/* End PBXVariantGroup section */

/* Begin XCBuildConfiguration section */
		03696E45240A4C7200239EB4 /* Debug */ = {
			isa = XCBuildConfiguration;
			buildSettings = {
				ALWAYS_SEARCH_USER_PATHS = NO;
				CLANG_ANALYZER_NONNULL = YES;
				CLANG_ANALYZER_NUMBER_OBJECT_CONVERSION = YES_AGGRESSIVE;
				CLANG_CXX_LANGUAGE_STANDARD = "gnu++14";
				CLANG_CXX_LIBRARY = "libc++";
				CLANG_ENABLE_MODULES = YES;
				CLANG_ENABLE_OBJC_ARC = YES;
				CLANG_ENABLE_OBJC_WEAK = YES;
				CLANG_WARN_BLOCK_CAPTURE_AUTORELEASING = YES;
				CLANG_WARN_BOOL_CONVERSION = YES;
				CLANG_WARN_COMMA = YES;
				CLANG_WARN_CONSTANT_CONVERSION = YES;
				CLANG_WARN_DEPRECATED_OBJC_IMPLEMENTATIONS = YES;
				CLANG_WARN_DIRECT_OBJC_ISA_USAGE = YES_ERROR;
				CLANG_WARN_DOCUMENTATION_COMMENTS = YES;
				CLANG_WARN_EMPTY_BODY = YES;
				CLANG_WARN_ENUM_CONVERSION = YES;
				CLANG_WARN_INFINITE_RECURSION = YES;
				CLANG_WARN_INT_CONVERSION = YES;
				CLANG_WARN_NON_LITERAL_NULL_CONVERSION = YES;
				CLANG_WARN_OBJC_IMPLICIT_RETAIN_SELF = YES;
				CLANG_WARN_OBJC_LITERAL_CONVERSION = YES;
				CLANG_WARN_OBJC_ROOT_CLASS = YES_ERROR;
				CLANG_WARN_RANGE_LOOP_ANALYSIS = YES;
				CLANG_WARN_STRICT_PROTOTYPES = YES;
				CLANG_WARN_SUSPICIOUS_MOVE = YES;
				CLANG_WARN_UNGUARDED_AVAILABILITY = YES_AGGRESSIVE;
				CLANG_WARN_UNREACHABLE_CODE = YES;
				CLANG_WARN__DUPLICATE_METHOD_MATCH = YES;
				COPY_PHASE_STRIP = NO;
				DEBUG_INFORMATION_FORMAT = dwarf;
				ENABLE_STRICT_OBJC_MSGSEND = YES;
				ENABLE_TESTABILITY = YES;
				GCC_C_LANGUAGE_STANDARD = gnu11;
				GCC_DYNAMIC_NO_PIC = NO;
				GCC_NO_COMMON_BLOCKS = YES;
				GCC_OPTIMIZATION_LEVEL = 0;
				GCC_PREPROCESSOR_DEFINITIONS = (
					"DEBUG=1",
					"$(inherited)",
				);
				GCC_WARN_64_TO_32_BIT_CONVERSION = YES;
				GCC_WARN_ABOUT_RETURN_TYPE = YES_ERROR;
				GCC_WARN_UNDECLARED_SELECTOR = YES;
				GCC_WARN_UNINITIALIZED_AUTOS = YES_AGGRESSIVE;
				GCC_WARN_UNUSED_FUNCTION = YES;
				GCC_WARN_UNUSED_VARIABLE = YES;
				IPHONEOS_DEPLOYMENT_TARGET = 13.2;
				MTL_ENABLE_DEBUG_INFO = INCLUDE_SOURCE;
				MTL_FAST_MATH = YES;
				ONLY_ACTIVE_ARCH = YES;
				SDKROOT = iphoneos;
				SWIFT_ACTIVE_COMPILATION_CONDITIONS = DEBUG;
				SWIFT_OPTIMIZATION_LEVEL = "-Onone";
			};
			name = Debug;
		};
		03696E46240A4C7200239EB4 /* Release */ = {
			isa = XCBuildConfiguration;
			buildSettings = {
				ALWAYS_SEARCH_USER_PATHS = NO;
				CLANG_ANALYZER_NONNULL = YES;
				CLANG_ANALYZER_NUMBER_OBJECT_CONVERSION = YES_AGGRESSIVE;
				CLANG_CXX_LANGUAGE_STANDARD = "gnu++14";
				CLANG_CXX_LIBRARY = "libc++";
				CLANG_ENABLE_MODULES = YES;
				CLANG_ENABLE_OBJC_ARC = YES;
				CLANG_ENABLE_OBJC_WEAK = YES;
				CLANG_WARN_BLOCK_CAPTURE_AUTORELEASING = YES;
				CLANG_WARN_BOOL_CONVERSION = YES;
				CLANG_WARN_COMMA = YES;
				CLANG_WARN_CONSTANT_CONVERSION = YES;
				CLANG_WARN_DEPRECATED_OBJC_IMPLEMENTATIONS = YES;
				CLANG_WARN_DIRECT_OBJC_ISA_USAGE = YES_ERROR;
				CLANG_WARN_DOCUMENTATION_COMMENTS = YES;
				CLANG_WARN_EMPTY_BODY = YES;
				CLANG_WARN_ENUM_CONVERSION = YES;
				CLANG_WARN_INFINITE_RECURSION = YES;
				CLANG_WARN_INT_CONVERSION = YES;
				CLANG_WARN_NON_LITERAL_NULL_CONVERSION = YES;
				CLANG_WARN_OBJC_IMPLICIT_RETAIN_SELF = YES;
				CLANG_WARN_OBJC_LITERAL_CONVERSION = YES;
				CLANG_WARN_OBJC_ROOT_CLASS = YES_ERROR;
				CLANG_WARN_RANGE_LOOP_ANALYSIS = YES;
				CLANG_WARN_STRICT_PROTOTYPES = YES;
				CLANG_WARN_SUSPICIOUS_MOVE = YES;
				CLANG_WARN_UNGUARDED_AVAILABILITY = YES_AGGRESSIVE;
				CLANG_WARN_UNREACHABLE_CODE = YES;
				CLANG_WARN__DUPLICATE_METHOD_MATCH = YES;
				COPY_PHASE_STRIP = NO;
				DEBUG_INFORMATION_FORMAT = "dwarf-with-dsym";
				ENABLE_NS_ASSERTIONS = NO;
				ENABLE_STRICT_OBJC_MSGSEND = YES;
				GCC_C_LANGUAGE_STANDARD = gnu11;
				GCC_NO_COMMON_BLOCKS = YES;
				GCC_WARN_64_TO_32_BIT_CONVERSION = YES;
				GCC_WARN_ABOUT_RETURN_TYPE = YES_ERROR;
				GCC_WARN_UNDECLARED_SELECTOR = YES;
				GCC_WARN_UNINITIALIZED_AUTOS = YES_AGGRESSIVE;
				GCC_WARN_UNUSED_FUNCTION = YES;
				GCC_WARN_UNUSED_VARIABLE = YES;
				IPHONEOS_DEPLOYMENT_TARGET = 13.2;
				MTL_ENABLE_DEBUG_INFO = NO;
				MTL_FAST_MATH = YES;
				SDKROOT = iphoneos;
				SWIFT_COMPILATION_MODE = wholemodule;
				SWIFT_OPTIMIZATION_LEVEL = "-O";
				VALIDATE_PRODUCT = YES;
			};
			name = Release;
		};
		03696E48240A4C7200239EB4 /* Debug */ = {
			isa = XCBuildConfiguration;
			buildSettings = {
				ASSETCATALOG_COMPILER_APPICON_NAME = AppIcon;
				CODE_SIGN_STYLE = Automatic;
				INFOPLIST_FILE = "task200202-02/Info.plist";
				LD_RUNPATH_SEARCH_PATHS = (
					"$(inherited)",
					"@executable_path/Frameworks",
				);
				PRODUCT_BUNDLE_IDENTIFIER = "tokizo-test.task200202-02";
				PRODUCT_NAME = "$(TARGET_NAME)";
				SWIFT_VERSION = 5.0;
				TARGETED_DEVICE_FAMILY = "1,2";
			};
			name = Debug;
		};
		03696E49240A4C7200239EB4 /* Release */ = {
			isa = XCBuildConfiguration;
			buildSettings = {
				ASSETCATALOG_COMPILER_APPICON_NAME = AppIcon;
				CODE_SIGN_STYLE = Automatic;
				INFOPLIST_FILE = "task200202-02/Info.plist";
				LD_RUNPATH_SEARCH_PATHS = (
					"$(inherited)",
					"@executable_path/Frameworks",
				);
				PRODUCT_BUNDLE_IDENTIFIER = "tokizo-test.task200202-02";
				PRODUCT_NAME = "$(TARGET_NAME)";
				SWIFT_VERSION = 5.0;
				TARGETED_DEVICE_FAMILY = "1,2";
			};
			name = Release;
		};
		03696E4B240A4C7200239EB4 /* Debug */ = {
			isa = XCBuildConfiguration;
			buildSettings = {
				ALWAYS_EMBED_SWIFT_STANDARD_LIBRARIES = YES;
				BUNDLE_LOADER = "$(TEST_HOST)";
				CODE_SIGN_STYLE = Automatic;
				INFOPLIST_FILE = "task200202-02Tests/Info.plist";
				IPHONEOS_DEPLOYMENT_TARGET = 13.2;
				LD_RUNPATH_SEARCH_PATHS = (
					"$(inherited)",
					"@executable_path/Frameworks",
					"@loader_path/Frameworks",
				);
				PRODUCT_BUNDLE_IDENTIFIER = "tokizo-test.task200202-02Tests";
				PRODUCT_NAME = "$(TARGET_NAME)";
				SWIFT_VERSION = 5.0;
				TARGETED_DEVICE_FAMILY = "1,2";
				TEST_HOST = "$(BUILT_PRODUCTS_DIR)/task200202-02.app/task200202-02";
			};
			name = Debug;
		};
		03696E4C240A4C7200239EB4 /* Release */ = {
			isa = XCBuildConfiguration;
			buildSettings = {
				ALWAYS_EMBED_SWIFT_STANDARD_LIBRARIES = YES;
				BUNDLE_LOADER = "$(TEST_HOST)";
				CODE_SIGN_STYLE = Automatic;
				INFOPLIST_FILE = "task200202-02Tests/Info.plist";
				IPHONEOS_DEPLOYMENT_TARGET = 13.2;
				LD_RUNPATH_SEARCH_PATHS = (
					"$(inherited)",
					"@executable_path/Frameworks",
					"@loader_path/Frameworks",
				);
				PRODUCT_BUNDLE_IDENTIFIER = "tokizo-test.task200202-02Tests";
				PRODUCT_NAME = "$(TARGET_NAME)";
				SWIFT_VERSION = 5.0;
				TARGETED_DEVICE_FAMILY = "1,2";
				TEST_HOST = "$(BUILT_PRODUCTS_DIR)/task200202-02.app/task200202-02";
			};
			name = Release;
		};
		03696E4E240A4C7200239EB4 /* Debug */ = {
			isa = XCBuildConfiguration;
			buildSettings = {
				ALWAYS_EMBED_SWIFT_STANDARD_LIBRARIES = YES;
				CODE_SIGN_STYLE = Automatic;
				INFOPLIST_FILE = "task200202-02UITests/Info.plist";
				LD_RUNPATH_SEARCH_PATHS = (
					"$(inherited)",
					"@executable_path/Frameworks",
					"@loader_path/Frameworks",
				);
				PRODUCT_BUNDLE_IDENTIFIER = "tokizo-test.task200202-02UITests";
				PRODUCT_NAME = "$(TARGET_NAME)";
				SWIFT_VERSION = 5.0;
				TARGETED_DEVICE_FAMILY = "1,2";
				TEST_TARGET_NAME = "task200202-02";
			};
			name = Debug;
		};
		03696E4F240A4C7200239EB4 /* Release */ = {
			isa = XCBuildConfiguration;
			buildSettings = {
				ALWAYS_EMBED_SWIFT_STANDARD_LIBRARIES = YES;
				CODE_SIGN_STYLE = Automatic;
				INFOPLIST_FILE = "task200202-02UITests/Info.plist";
				LD_RUNPATH_SEARCH_PATHS = (
					"$(inherited)",
					"@executable_path/Frameworks",
					"@loader_path/Frameworks",
				);
				PRODUCT_BUNDLE_IDENTIFIER = "tokizo-test.task200202-02UITests";
				PRODUCT_NAME = "$(TARGET_NAME)";
				SWIFT_VERSION = 5.0;
				TARGETED_DEVICE_FAMILY = "1,2";
				TEST_TARGET_NAME = "task200202-02";
			};
			name = Release;
		};
/* End XCBuildConfiguration section */

/* Begin XCConfigurationList section */
		03696E18240A4C7000239EB4 /* Build configuration list for PBXProject "task200202-02" */ = {
			isa = XCConfigurationList;
			buildConfigurations = (
				03696E45240A4C7200239EB4 /* Debug */,
				03696E46240A4C7200239EB4 /* Release */,
			);
			defaultConfigurationIsVisible = 0;
			defaultConfigurationName = Release;
		};
		03696E47240A4C7200239EB4 /* Build configuration list for PBXNativeTarget "task200202-02" */ = {
			isa = XCConfigurationList;
			buildConfigurations = (
				03696E48240A4C7200239EB4 /* Debug */,
				03696E49240A4C7200239EB4 /* Release */,
			);
			defaultConfigurationIsVisible = 0;
			defaultConfigurationName = Release;
		};
		03696E4A240A4C7200239EB4 /* Build configuration list for PBXNativeTarget "task200202-02Tests" */ = {
			isa = XCConfigurationList;
			buildConfigurations = (
				03696E4B240A4C7200239EB4 /* Debug */,
				03696E4C240A4C7200239EB4 /* Release */,
			);
			defaultConfigurationIsVisible = 0;
			defaultConfigurationName = Release;
		};
		03696E4D240A4C7200239EB4 /* Build configuration list for PBXNativeTarget "task200202-02UITests" */ = {
			isa = XCConfigurationList;
			buildConfigurations = (
				03696E4E240A4C7200239EB4 /* Debug */,
				03696E4F240A4C7200239EB4 /* Release */,
			);
			defaultConfigurationIsVisible = 0;
			defaultConfigurationName = Release;
		};
/* End XCConfigurationList section */
	};
	rootObject = 03696E15240A4C7000239EB4 /* Project object */;
}
